
Microsoft Visual Studio Solution File, Format Version 12.00
# Visual Studio 2013
VisualStudioVersion = 12.0.31101.0
MinimumVisualStudioVersion = 10.0.40219.1
Project("{FAE04EC0-301F-11D3-BF4B-00C04F79EFBC}") = "fgwoocalpha", "fgwoocalpha\fgwoocalpha.csproj", "{DB7AC1DC-C660-4730-83EC-F8C4548DFD0C}"
EndProject
Project("{2150E333-8FDC-42A3-9474-1A3956D46DE8}") = "PublishScripts", "PublishScripts", "{B02A92E1-74A1-43E7-8EFE-C688CAAD73E8}"
	ProjectSection(SolutionItems) = preProject
		PublishScripts\AzureWebsitePublishModule.psm1 = PublishScripts\AzureWebsitePublishModule.psm1
		PublishScripts\Publish-WebApplicationWebsite.ps1 = PublishScripts\Publish-WebApplicationWebsite.ps1
	EndProjectSection
EndProject
Project("{2150E333-8FDC-42A3-9474-1A3956D46DE8}") = "Configurations", "Configurations", "{4A86FD4D-1D82-4082-BC6C-48AD95081078}"
	ProjectSection(SolutionItems) = preProject
		PublishScripts\Configurations\fgwoocalpha-WAWS-dev.json = PublishScripts\Configurations\fgwoocalpha-WAWS-dev.json
	EndProjectSection
EndProject
Global
	GlobalSection(SolutionConfigurationPlatforms) = preSolution
		Debug|Any CPU = Debug|Any CPU
		Release|Any CPU = Release|Any CPU
	EndGlobalSection
	GlobalSection(ProjectConfigurationPlatforms) = postSolution
		{DB7AC1DC-C660-4730-83EC-F8C4548DFD0C}.Debug|Any CPU.ActiveCfg = Debug|Any CPU
		{DB7AC1DC-C660-4730-83EC-F8C4548DFD0C}.Debug|Any CPU.Build.0 = Debug|Any CPU
		{DB7AC1DC-C660-4730-83EC-F8C4548DFD0C}.Release|Any CPU.ActiveCfg = Release|Any CPU
		{DB7AC1DC-C660-4730-83EC-F8C4548DFD0C}.Release|Any CPU.Build.0 = Release|Any CPU
	EndGlobalSection
	GlobalSection(SolutionProperties) = preSolution
		HideSolutionNode = FALSE
	EndGlobalSection
	GlobalSection(NestedProjects) = preSolution
		{4A86FD4D-1D82-4082-BC6C-48AD95081078} = {B02A92E1-74A1-43E7-8EFE-C688CAAD73E8}
	EndGlobalSection
EndGlobal
